
Microsoft Visual Studio Solution File, Format Version 12.00
# Visual Studio Version 17
VisualStudioVersion = 17.8.34525.116
MinimumVisualStudioVersion = 10.0.40219.1
Project("{9A19103F-16F7-4668-BE54-9A1E7A4F7556}") = "PROG6212_POE", "PROG6212_POE.csproj", "{35BB837D-249A-45C9-8FAF-C9DFCD986C94}"
EndProject
Global
	GlobalSection(SolutionConfigurationPlatforms) = preSolution
		Debug|Any CPU = Debug|Any CPU
		Release|Any CPU = Release|Any CPU
	EndGlobalSection
	GlobalSection(ProjectConfigurationPlatforms) = postSolution
		{35BB837D-249A-45C9-8FAF-C9DFCD986C94}.Debug|Any CPU.ActiveCfg = Debug|Any CPU
		{35BB837D-249A-45C9-8FAF-C9DFCD986C94}.Debug|Any CPU.Build.0 = Debug|Any CPU
		{35BB837D-249A-45C9-8FAF-C9DFCD986C94}.Release|Any CPU.ActiveCfg = Release|Any CPU
		{35BB837D-249A-45C9-8FAF-C9DFCD986C94}.Release|Any CPU.Build.0 = Release|Any CPU
	EndGlobalSection
	GlobalSection(SolutionProperties) = preSolution
		HideSolutionNode = FALSE
	EndGlobalSection
	GlobalSection(ExtensibilityGlobals) = postSolution
		SolutionGuid = {56EA0A7F-6DA9-4794-AA0D-10ACD0E35B24}
	EndGlobalSection
EndGlobal
